
Microsoft Visual Studio Solution File, Format Version 12.00
# Visual Studio Version 17
VisualStudioVersion = 17.9.34616.47
MinimumVisualStudioVersion = 10.0.40219.1
Project("{9A19103F-16F7-4668-BE54-9A1E7A4F7556}") = "HotelBooking.Data", "HotelBooking.Data\HotelBooking.Data.csproj", "{B966246D-2F39-427A-9FCA-172C7757FF67}"
EndProject
Project("{9A19103F-16F7-4668-BE54-9A1E7A4F7556}") = "HotelBookingWeb.API", "HotelBookingWeb.API\HotelBookingWeb.API.csproj", "{F030D6E9-C593-46B6-AF4C-7F95CB58DFC3}"
EndProject
Project("{FAE04EC0-301F-11D3-BF4B-00C04F79EFBC}") = "HotelBookingWeb", "HotelBookingWeb\HotelBookingWeb.csproj", "{30B33E58-B3C6-4CFC-A55E-B941C72D207E}"
EndProject
Global
	GlobalSection(SolutionConfigurationPlatforms) = preSolution
		Debug|Any CPU = Debug|Any CPU
		Release|Any CPU = Release|Any CPU
	EndGlobalSection
	GlobalSection(ProjectConfigurationPlatforms) = postSolution
		{B966246D-2F39-427A-9FCA-172C7757FF67}.Debug|Any CPU.ActiveCfg = Debug|Any CPU
		{B966246D-2F39-427A-9FCA-172C7757FF67}.Debug|Any CPU.Build.0 = Debug|Any CPU
		{B966246D-2F39-427A-9FCA-172C7757FF67}.Release|Any CPU.ActiveCfg = Release|Any CPU
		{B966246D-2F39-427A-9FCA-172C7757FF67}.Release|Any CPU.Build.0 = Release|Any CPU
		{F030D6E9-C593-46B6-AF4C-7F95CB58DFC3}.Debug|Any CPU.ActiveCfg = Debug|Any CPU
		{F030D6E9-C593-46B6-AF4C-7F95CB58DFC3}.Debug|Any CPU.Build.0 = Debug|Any CPU
		{F030D6E9-C593-46B6-AF4C-7F95CB58DFC3}.Release|Any CPU.ActiveCfg = Release|Any CPU
		{F030D6E9-C593-46B6-AF4C-7F95CB58DFC3}.Release|Any CPU.Build.0 = Release|Any CPU
		{30B33E58-B3C6-4CFC-A55E-B941C72D207E}.Debug|Any CPU.ActiveCfg = Debug|Any CPU
		{30B33E58-B3C6-4CFC-A55E-B941C72D207E}.Debug|Any CPU.Build.0 = Debug|Any CPU
		{30B33E58-B3C6-4CFC-A55E-B941C72D207E}.Release|Any CPU.ActiveCfg = Release|Any CPU
		{30B33E58-B3C6-4CFC-A55E-B941C72D207E}.Release|Any CPU.Build.0 = Release|Any CPU
	EndGlobalSection
	GlobalSection(SolutionProperties) = preSolution
		HideSolutionNode = FALSE
	EndGlobalSection
	GlobalSection(ExtensibilityGlobals) = postSolution
		SolutionGuid = {B2CBC822-2639-469D-A23F-CC5A26A2AC54}
	EndGlobalSection
EndGlobal
